
Microsoft Visual Studio Solution File, Format Version 12.00
# Visual Studio Version 17
VisualStudioVersion = 17.8.34322.80
MinimumVisualStudioVersion = 10.0.40219.1
Project("{FAE04EC0-301F-11D3-BF4B-00C04F79EFBC}") = "BfsDfsViewer", "BfsDfsViewer\BfsDfsViewer.csproj", "{4AEC8BF2-E6C0-4303-A976-98522B490CC1}"
EndProject
Global
	GlobalSection(SolutionConfigurationPlatforms) = preSolution
		Debug|Any CPU = Debug|Any CPU
		Release|Any CPU = Release|Any CPU
	EndGlobalSection
	GlobalSection(ProjectConfigurationPlatforms) = postSolution
		{4AEC8BF2-E6C0-4303-A976-98522B490CC1}.Debug|Any CPU.ActiveCfg = Debug|Any CPU
		{4AEC8BF2-E6C0-4303-A976-98522B490CC1}.Debug|Any CPU.Build.0 = Debug|Any CPU
		{4AEC8BF2-E6C0-4303-A976-98522B490CC1}.Release|Any CPU.ActiveCfg = Release|Any CPU
		{4AEC8BF2-E6C0-4303-A976-98522B490CC1}.Release|Any CPU.Build.0 = Release|Any CPU
	EndGlobalSection
	GlobalSection(SolutionProperties) = preSolution
		HideSolutionNode = FALSE
	EndGlobalSection
	GlobalSection(ExtensibilityGlobals) = postSolution
		SolutionGuid = {3C136F08-BCA9-47DB-BFBB-459AC29973C5}
	EndGlobalSection
EndGlobal
